// !$*UTF8*$!
{
	archiveVersion = 1;
	classes = {
	};
	objectVersion = 56;
	objects = {

/* Begin PBXBuildFile section */
		4C59236D298E099500472336 /* RadioButtonView.swift in Sources */ = {isa = PBXBuildFile; fileRef = 4C59236C298E099500472336 /* RadioButtonView.swift */; };
		4C6209EA2980C078007BE841 /* ProdukModel.swift in Sources */ = {isa = PBXBuildFile; fileRef = 4C6209E92980C078007BE841 /* ProdukModel.swift */; };
		4C6209EE2980C905007BE841 /* PenjualanModel.swift in Sources */ = {isa = PBXBuildFile; fileRef = 4C6209ED2980C905007BE841 /* PenjualanModel.swift */; };
		4C6209F02980CB79007BE841 /* PemesananModel.swift in Sources */ = {isa = PBXBuildFile; fileRef = 4C6209EF2980CB79007BE841 /* PemesananModel.swift */; };
		4C6209F2298203E7007BE841 /* DummyModel.swift in Sources */ = {isa = PBXBuildFile; fileRef = 4C6209F1298203E7007BE841 /* DummyModel.swift */; };
		4C65EF80298EB12300D7182A /* TabButtonActionStok.swift in Sources */ = {isa = PBXBuildFile; fileRef = 4C65EF7F298EB12300D7182A /* TabButtonActionStok.swift */; };
		4C65EF82298EB73700D7182A /* KonversiPopupView.swift in Sources */ = {isa = PBXBuildFile; fileRef = 4C65EF81298EB73700D7182A /* KonversiPopupView.swift */; };
		4C65EF84298EC79400D7182A /* NewProductPopupView.swift in Sources */ = {isa = PBXBuildFile; fileRef = 4C65EF83298EC79400D7182A /* NewProductPopupView.swift */; };
		4C6FF6E3298E4E7C001FE696 /* PickerProduk.swift in Sources */ = {isa = PBXBuildFile; fileRef = 4C6FF6E2298E4E7C001FE696 /* PickerProduk.swift */; };
		4C7D6900297A2B9C003A9949 /* TabBarView.swift in Sources */ = {isa = PBXBuildFile; fileRef = 4C7D68FF297A2B9C003A9949 /* TabBarView.swift */; };
		4C7D6904297A2BE3003A9949 /* PenjualanView.swift in Sources */ = {isa = PBXBuildFile; fileRef = 4C7D6903297A2BE3003A9949 /* PenjualanView.swift */; };
		4C7D6907297B9B06003A9949 /* PemesananView.swift in Sources */ = {isa = PBXBuildFile; fileRef = 4C7D6906297B9B06003A9949 /* PemesananView.swift */; };
		4C7D6909297B9B38003A9949 /* StockView.swift in Sources */ = {isa = PBXBuildFile; fileRef = 4C7D6908297B9B38003A9949 /* StockView.swift */; };
		4C7D690B297B9BF9003A9949 /* HomeView.swift in Sources */ = {isa = PBXBuildFile; fileRef = 4C7D690A297B9BF9003A9949 /* HomeView.swift */; };
		4C853C80298CDE91004FA781 /* StokOpnamePopupView.swift in Sources */ = {isa = PBXBuildFile; fileRef = 4C853C7F298CDE91004FA781 /* StokOpnamePopupView.swift */; };
		4C945DC52991543100D5CA5A /* CardProdukView.swift in Sources */ = {isa = PBXBuildFile; fileRef = 4C945DC42991543100D5CA5A /* CardProdukView.swift */; };
		4C945DC8299159AB00D5CA5A /* TambahkanPesananPopupView.swift in Sources */ = {isa = PBXBuildFile; fileRef = 4C945DC7299159AB00D5CA5A /* TambahkanPesananPopupView.swift */; };
		4C945DCA2992B41800D5CA5A /* ButtonView.swift in Sources */ = {isa = PBXBuildFile; fileRef = 4C945DC92992B41800D5CA5A /* ButtonView.swift */; };
		4C945DCC2992BF3200D5CA5A /* ButtonPemesananView.swift in Sources */ = {isa = PBXBuildFile; fileRef = 4C945DCB2992BF3200D5CA5A /* ButtonPemesananView.swift */; };
		4CC94282295C0257006725E9 /* UD_Unggas_Sari_UtamaApp.swift in Sources */ = {isa = PBXBuildFile; fileRef = 4CC94281295C0257006725E9 /* UD_Unggas_Sari_UtamaApp.swift */; };
		4CC94284295C0257006725E9 /* ContentView.swift in Sources */ = {isa = PBXBuildFile; fileRef = 4CC94283295C0257006725E9 /* ContentView.swift */; };
		4CC94286295C0259006725E9 /* Assets.xcassets in Resources */ = {isa = PBXBuildFile; fileRef = 4CC94285295C0259006725E9 /* Assets.xcassets */; };
		4CC94289295C0259006725E9 /* Preview Assets.xcassets in Resources */ = {isa = PBXBuildFile; fileRef = 4CC94288295C0259006725E9 /* Preview Assets.xcassets */; };
		4CC9428B295C0259006725E9 /* Persistence.swift in Sources */ = {isa = PBXBuildFile; fileRef = 4CC9428A295C0259006725E9 /* Persistence.swift */; };
		4CC9428E295C0259006725E9 /* UD_Unggas_Sari_Utama.xcdatamodeld in Sources */ = {isa = PBXBuildFile; fileRef = 4CC9428C295C0259006725E9 /* UD_Unggas_Sari_Utama.xcdatamodeld */; };
/* End PBXBuildFile section */

/* Begin PBXFileReference section */
		4C59236C298E099500472336 /* RadioButtonView.swift */ = {isa = PBXFileReference; lastKnownFileType = sourcecode.swift; path = RadioButtonView.swift; sourceTree = "<group>"; };
		4C6209E92980C078007BE841 /* ProdukModel.swift */ = {isa = PBXFileReference; lastKnownFileType = sourcecode.swift; path = ProdukModel.swift; sourceTree = "<group>"; };
		4C6209ED2980C905007BE841 /* PenjualanModel.swift */ = {isa = PBXFileReference; lastKnownFileType = sourcecode.swift; path = PenjualanModel.swift; sourceTree = "<group>"; };
		4C6209EF2980CB79007BE841 /* PemesananModel.swift */ = {isa = PBXFileReference; lastKnownFileType = sourcecode.swift; path = PemesananModel.swift; sourceTree = "<group>"; };
		4C6209F1298203E7007BE841 /* DummyModel.swift */ = {isa = PBXFileReference; lastKnownFileType = sourcecode.swift; path = DummyModel.swift; sourceTree = "<group>"; };
		4C65EF7F298EB12300D7182A /* TabButtonActionStok.swift */ = {isa = PBXFileReference; lastKnownFileType = sourcecode.swift; path = TabButtonActionStok.swift; sourceTree = "<group>"; };
		4C65EF81298EB73700D7182A /* KonversiPopupView.swift */ = {isa = PBXFileReference; lastKnownFileType = sourcecode.swift; path = KonversiPopupView.swift; sourceTree = "<group>"; };
		4C65EF83298EC79400D7182A /* NewProductPopupView.swift */ = {isa = PBXFileReference; lastKnownFileType = sourcecode.swift; path = NewProductPopupView.swift; sourceTree = "<group>"; };
		4C6FF6E2298E4E7C001FE696 /* PickerProduk.swift */ = {isa = PBXFileReference; lastKnownFileType = sourcecode.swift; path = PickerProduk.swift; sourceTree = "<group>"; };
		4C7D68FF297A2B9C003A9949 /* TabBarView.swift */ = {isa = PBXFileReference; lastKnownFileType = sourcecode.swift; path = TabBarView.swift; sourceTree = "<group>"; };
		4C7D6903297A2BE3003A9949 /* PenjualanView.swift */ = {isa = PBXFileReference; lastKnownFileType = sourcecode.swift; path = PenjualanView.swift; sourceTree = "<group>"; };
		4C7D6906297B9B06003A9949 /* PemesananView.swift */ = {isa = PBXFileReference; lastKnownFileType = sourcecode.swift; path = PemesananView.swift; sourceTree = "<group>"; };
		4C7D6908297B9B38003A9949 /* StockView.swift */ = {isa = PBXFileReference; lastKnownFileType = sourcecode.swift; path = StockView.swift; sourceTree = "<group>"; };
		4C7D690A297B9BF9003A9949 /* HomeView.swift */ = {isa = PBXFileReference; lastKnownFileType = sourcecode.swift; path = HomeView.swift; sourceTree = "<group>"; };
		4C853C7F298CDE91004FA781 /* StokOpnamePopupView.swift */ = {isa = PBXFileReference; lastKnownFileType = sourcecode.swift; path = StokOpnamePopupView.swift; sourceTree = "<group>"; };
		4C945DC42991543100D5CA5A /* CardProdukView.swift */ = {isa = PBXFileReference; lastKnownFileType = sourcecode.swift; path = CardProdukView.swift; sourceTree = "<group>"; };
		4C945DC7299159AB00D5CA5A /* TambahkanPesananPopupView.swift */ = {isa = PBXFileReference; lastKnownFileType = sourcecode.swift; path = TambahkanPesananPopupView.swift; sourceTree = "<group>"; };
		4C945DC92992B41800D5CA5A /* ButtonView.swift */ = {isa = PBXFileReference; lastKnownFileType = sourcecode.swift; path = ButtonView.swift; sourceTree = "<group>"; };
		4C945DCB2992BF3200D5CA5A /* ButtonPemesananView.swift */ = {isa = PBXFileReference; lastKnownFileType = sourcecode.swift; path = ButtonPemesananView.swift; sourceTree = "<group>"; };
		4CC9427E295C0257006725E9 /* UD Unggas Sari Utama.app */ = {isa = PBXFileReference; explicitFileType = wrapper.application; includeInIndex = 0; path = "UD Unggas Sari Utama.app"; sourceTree = BUILT_PRODUCTS_DIR; };
		4CC94281295C0257006725E9 /* UD_Unggas_Sari_UtamaApp.swift */ = {isa = PBXFileReference; lastKnownFileType = sourcecode.swift; path = UD_Unggas_Sari_UtamaApp.swift; sourceTree = "<group>"; };
		4CC94283295C0257006725E9 /* ContentView.swift */ = {isa = PBXFileReference; lastKnownFileType = sourcecode.swift; path = ContentView.swift; sourceTree = "<group>"; };
		4CC94285295C0259006725E9 /* Assets.xcassets */ = {isa = PBXFileReference; lastKnownFileType = folder.assetcatalog; path = Assets.xcassets; sourceTree = "<group>"; };
		4CC94288295C0259006725E9 /* Preview Assets.xcassets */ = {isa = PBXFileReference; lastKnownFileType = folder.assetcatalog; path = "Preview Assets.xcassets"; sourceTree = "<group>"; };
		4CC9428A295C0259006725E9 /* Persistence.swift */ = {isa = PBXFileReference; lastKnownFileType = sourcecode.swift; path = Persistence.swift; sourceTree = "<group>"; };
		4CC9428D295C0259006725E9 /* UD_Unggas_Sari_Utama.xcdatamodel */ = {isa = PBXFileReference; lastKnownFileType = wrapper.xcdatamodel; path = UD_Unggas_Sari_Utama.xcdatamodel; sourceTree = "<group>"; };
		4CC9428F295C0259006725E9 /* Info.plist */ = {isa = PBXFileReference; lastKnownFileType = text.plist.xml; path = Info.plist; sourceTree = "<group>"; };
/* End PBXFileReference section */

/* Begin PBXFrameworksBuildPhase section */
		4CC9427B295C0257006725E9 /* Frameworks */ = {
			isa = PBXFrameworksBuildPhase;
			buildActionMask = 2147483647;
			files = (
			);
			runOnlyForDeploymentPostprocessing = 0;
		};
/* End PBXFrameworksBuildPhase section */

/* Begin PBXGroup section */
		4C5DACD9298D54EA00CA04D1 /* Penjualan */ = {
			isa = PBXGroup;
			children = (
				4C945DC62991595E00D5CA5A /* Popupview */,
				4C7D690A297B9BF9003A9949 /* HomeView.swift */,
				4C7D6903297A2BE3003A9949 /* PenjualanView.swift */,
				4C945DC42991543100D5CA5A /* CardProdukView.swift */,
				4C945DC92992B41800D5CA5A /* ButtonView.swift */,
			);
			path = Penjualan;
			sourceTree = "<group>";
		};
		4C5DACDA298D54FC00CA04D1 /* Pemesanan */ = {
			isa = PBXGroup;
			children = (
				4C7D6906297B9B06003A9949 /* PemesananView.swift */,
				4C945DCB2992BF3200D5CA5A /* ButtonPemesananView.swift */,
			);
			path = Pemesanan;
			sourceTree = "<group>";
		};
		4C5DACDB298D551500CA04D1 /* Main */ = {
			isa = PBXGroup;
			children = (
				4C7D68FF297A2B9C003A9949 /* TabBarView.swift */,
				4CC94283295C0257006725E9 /* ContentView.swift */,
			);
			path = Main;
			sourceTree = "<group>";
		};
		4C6209E82980C042007BE841 /* Model */ = {
			isa = PBXGroup;
			children = (
				4C6209E92980C078007BE841 /* ProdukModel.swift */,
				4C6209ED2980C905007BE841 /* PenjualanModel.swift */,
				4C6209EF2980CB79007BE841 /* PemesananModel.swift */,
				4C6209F1298203E7007BE841 /* DummyModel.swift */,
			);
			path = Model;
			sourceTree = "<group>";
		};
		4C6FF6E1298E4E00001FE696 /* Helper */ = {
			isa = PBXGroup;
			children = (
				4C6FF6E2298E4E7C001FE696 /* PickerProduk.swift */,
				4C59236C298E099500472336 /* RadioButtonView.swift */,
			);
			path = Helper;
			sourceTree = "<group>";
		};
		4C7D68FE297A2B58003A9949 /* View */ = {
			isa = PBXGroup;
			children = (
				4C6FF6E1298E4E00001FE696 /* Helper */,
				4C5DACDA298D54FC00CA04D1 /* Pemesanan */,
				4C5DACD9298D54EA00CA04D1 /* Penjualan */,
				4C853C82298CEC27004FA781 /* Stok */,
			);
			path = View;
			sourceTree = "<group>";
		};
		4C853C81298CDFDB004FA781 /* Popupview */ = {
			isa = PBXGroup;
			children = (
				4C853C7F298CDE91004FA781 /* StokOpnamePopupView.swift */,
				4C65EF81298EB73700D7182A /* KonversiPopupView.swift */,
				4C65EF83298EC79400D7182A /* NewProductPopupView.swift */,
			);
			path = Popupview;
			sourceTree = "<group>";
		};
		4C853C82298CEC27004FA781 /* Stok */ = {
			isa = PBXGroup;
			children = (
				4C853C81298CDFDB004FA781 /* Popupview */,
				4C7D6908297B9B38003A9949 /* StockView.swift */,
				4C65EF7F298EB12300D7182A /* TabButtonActionStok.swift */,
			);
			path = Stok;
			sourceTree = "<group>";
		};
		4C945DC62991595E00D5CA5A /* Popupview */ = {
			isa = PBXGroup;
			children = (
				4C945DC7299159AB00D5CA5A /* TambahkanPesananPopupView.swift */,
			);
			path = Popupview;
			sourceTree = "<group>";
		};
		4CC94275295C0257006725E9 = {
			isa = PBXGroup;
			children = (
				4CC94280295C0257006725E9 /* UD Unggas Sari Utama */,
				4CC9427F295C0257006725E9 /* Products */,
			);
			sourceTree = "<group>";
		};
		4CC9427F295C0257006725E9 /* Products */ = {
			isa = PBXGroup;
			children = (
				4CC9427E295C0257006725E9 /* UD Unggas Sari Utama.app */,
			);
			name = Products;
			sourceTree = "<group>";
		};
		4CC94280295C0257006725E9 /* UD Unggas Sari Utama */ = {
			isa = PBXGroup;
			children = (
				4C5DACDB298D551500CA04D1 /* Main */,
				4C6209E82980C042007BE841 /* Model */,
				4C7D68FE297A2B58003A9949 /* View */,
				4CC94281295C0257006725E9 /* UD_Unggas_Sari_UtamaApp.swift */,
				4CC94285295C0259006725E9 /* Assets.xcassets */,
				4CC9428A295C0259006725E9 /* Persistence.swift */,
				4CC9428F295C0259006725E9 /* Info.plist */,
				4CC9428C295C0259006725E9 /* UD_Unggas_Sari_Utama.xcdatamodeld */,
				4CC94287295C0259006725E9 /* Preview Content */,
			);
			path = "UD Unggas Sari Utama";
			sourceTree = "<group>";
		};
		4CC94287295C0259006725E9 /* Preview Content */ = {
			isa = PBXGroup;
			children = (
				4CC94288295C0259006725E9 /* Preview Assets.xcassets */,
			);
			path = "Preview Content";
			sourceTree = "<group>";
		};
/* End PBXGroup section */

/* Begin PBXNativeTarget section */
		4CC9427D295C0257006725E9 /* UD Unggas Sari Utama */ = {
			isa = PBXNativeTarget;
			buildConfigurationList = 4CC94292295C0259006725E9 /* Build configuration list for PBXNativeTarget "UD Unggas Sari Utama" */;
			buildPhases = (
				4CC9427A295C0257006725E9 /* Sources */,
				4CC9427B295C0257006725E9 /* Frameworks */,
				4CC9427C295C0257006725E9 /* Resources */,
			);
			buildRules = (
			);
			dependencies = (
			);
			name = "UD Unggas Sari Utama";
			productName = "UD Unggas Sari Utama";
			productReference = 4CC9427E295C0257006725E9 /* UD Unggas Sari Utama.app */;
			productType = "com.apple.product-type.application";
		};
/* End PBXNativeTarget section */

/* Begin PBXProject section */
		4CC94276295C0257006725E9 /* Project object */ = {
			isa = PBXProject;
			attributes = {
				BuildIndependentTargetsInParallel = 1;
				LastSwiftUpdateCheck = 1400;
				LastUpgradeCheck = 1400;
				TargetAttributes = {
					4CC9427D295C0257006725E9 = {
						CreatedOnToolsVersion = 14.0.1;
					};
				};
			};
			buildConfigurationList = 4CC94279295C0257006725E9 /* Build configuration list for PBXProject "UD Unggas Sari Utama" */;
			compatibilityVersion = "Xcode 14.0";
			developmentRegion = en;
			hasScannedForEncodings = 0;
			knownRegions = (
				en,
				Base,
			);
			mainGroup = 4CC94275295C0257006725E9;
			productRefGroup = 4CC9427F295C0257006725E9 /* Products */;
			projectDirPath = "";
			projectRoot = "";
			targets = (
				4CC9427D295C0257006725E9 /* UD Unggas Sari Utama */,
			);
		};
/* End PBXProject section */

/* Begin PBXResourcesBuildPhase section */
		4CC9427C295C0257006725E9 /* Resources */ = {
			isa = PBXResourcesBuildPhase;
			buildActionMask = 2147483647;
			files = (
				4CC94289295C0259006725E9 /* Preview Assets.xcassets in Resources */,
				4CC94286295C0259006725E9 /* Assets.xcassets in Resources */,
			);
			runOnlyForDeploymentPostprocessing = 0;
		};
/* End PBXResourcesBuildPhase section */

/* Begin PBXSourcesBuildPhase section */
		4CC9427A295C0257006725E9 /* Sources */ = {
			isa = PBXSourcesBuildPhase;
			buildActionMask = 2147483647;
			files = (
				4C6FF6E3298E4E7C001FE696 /* PickerProduk.swift in Sources */,
				4C7D6909297B9B38003A9949 /* StockView.swift in Sources */,
				4C65EF82298EB73700D7182A /* KonversiPopupView.swift in Sources */,
				4C7D6904297A2BE3003A9949 /* PenjualanView.swift in Sources */,
				4C6209F2298203E7007BE841 /* DummyModel.swift in Sources */,
				4C7D6907297B9B06003A9949 /* PemesananView.swift in Sources */,
				4C945DCA2992B41800D5CA5A /* ButtonView.swift in Sources */,
				4C853C80298CDE91004FA781 /* StokOpnamePopupView.swift in Sources */,
				4C6209EA2980C078007BE841 /* ProdukModel.swift in Sources */,
				4C7D690B297B9BF9003A9949 /* HomeView.swift in Sources */,
				4C945DC52991543100D5CA5A /* CardProdukView.swift in Sources */,
				4CC9428B295C0259006725E9 /* Persistence.swift in Sources */,
				4C65EF84298EC79400D7182A /* NewProductPopupView.swift in Sources */,
				4CC9428E295C0259006725E9 /* UD_Unggas_Sari_Utama.xcdatamodeld in Sources */,
				4C945DC8299159AB00D5CA5A /* TambahkanPesananPopupView.swift in Sources */,
				4C59236D298E099500472336 /* RadioButtonView.swift in Sources */,
				4CC94284295C0257006725E9 /* ContentView.swift in Sources */,
				4C6209F02980CB79007BE841 /* PemesananModel.swift in Sources */,
				4C65EF80298EB12300D7182A /* TabButtonActionStok.swift in Sources */,
				4C7D6900297A2B9C003A9949 /* TabBarView.swift in Sources */,
				4C945DCC2992BF3200D5CA5A /* ButtonPemesananView.swift in Sources */,
				4C6209EE2980C905007BE841 /* PenjualanModel.swift in Sources */,
				4CC94282295C0257006725E9 /* UD_Unggas_Sari_UtamaApp.swift in Sources */,
			);
			runOnlyForDeploymentPostprocessing = 0;
		};
/* End PBXSourcesBuildPhase section */

/* Begin XCBuildConfiguration section */
		4CC94290295C0259006725E9 /* Debug */ = {
			isa = XCBuildConfiguration;
			buildSettings = {
				ALWAYS_SEARCH_USER_PATHS = NO;
				CLANG_ANALYZER_NONNULL = YES;
				CLANG_ANALYZER_NUMBER_OBJECT_CONVERSION = YES_AGGRESSIVE;
				CLANG_CXX_LANGUAGE_STANDARD = "gnu++20";
				CLANG_ENABLE_MODULES = YES;
				CLANG_ENABLE_OBJC_ARC = YES;
				CLANG_ENABLE_OBJC_WEAK = YES;
				CLANG_WARN_BLOCK_CAPTURE_AUTORELEASING = YES;
				CLANG_WARN_BOOL_CONVERSION = YES;
				CLANG_WARN_COMMA = YES;
				CLANG_WARN_CONSTANT_CONVERSION = YES;
				CLANG_WARN_DEPRECATED_OBJC_IMPLEMENTATIONS = YES;
				CLANG_WARN_DIRECT_OBJC_ISA_USAGE = YES_ERROR;
				CLANG_WARN_DOCUMENTATION_COMMENTS = YES;
				CLANG_WARN_EMPTY_BODY = YES;
				CLANG_WARN_ENUM_CONVERSION = YES;
				CLANG_WARN_INFINITE_RECURSION = YES;
				CLANG_WARN_INT_CONVERSION = YES;
				CLANG_WARN_NON_LITERAL_NULL_CONVERSION = YES;
				CLANG_WARN_OBJC_IMPLICIT_RETAIN_SELF = YES;
				CLANG_WARN_OBJC_LITERAL_CONVERSION = YES;
				CLANG_WARN_OBJC_ROOT_CLASS = YES_ERROR;
				CLANG_WARN_QUOTED_INCLUDE_IN_FRAMEWORK_HEADER = YES;
				CLANG_WARN_RANGE_LOOP_ANALYSIS = YES;
				CLANG_WARN_STRICT_PROTOTYPES = YES;
				CLANG_WARN_SUSPICIOUS_MOVE = YES;
				CLANG_WARN_UNGUARDED_AVAILABILITY = YES_AGGRESSIVE;
				CLANG_WARN_UNREACHABLE_CODE = YES;
				CLANG_WARN__DUPLICATE_METHOD_MATCH = YES;
				COPY_PHASE_STRIP = NO;
				DEBUG_INFORMATION_FORMAT = dwarf;
				ENABLE_STRICT_OBJC_MSGSEND = YES;
				ENABLE_TESTABILITY = YES;
				GCC_C_LANGUAGE_STANDARD = gnu11;
				GCC_DYNAMIC_NO_PIC = NO;
				GCC_NO_COMMON_BLOCKS = YES;
				GCC_OPTIMIZATION_LEVEL = 0;
				GCC_PREPROCESSOR_DEFINITIONS = (
					"DEBUG=1",
					"$(inherited)",
				);
				GCC_WARN_64_TO_32_BIT_CONVERSION = YES;
				GCC_WARN_ABOUT_RETURN_TYPE = YES_ERROR;
				GCC_WARN_UNDECLARED_SELECTOR = YES;
				GCC_WARN_UNINITIALIZED_AUTOS = YES_AGGRESSIVE;
				GCC_WARN_UNUSED_FUNCTION = YES;
				GCC_WARN_UNUSED_VARIABLE = YES;
				IPHONEOS_DEPLOYMENT_TARGET = 16.0;
				MTL_ENABLE_DEBUG_INFO = INCLUDE_SOURCE;
				MTL_FAST_MATH = YES;
				ONLY_ACTIVE_ARCH = YES;
				SDKROOT = iphoneos;
				SWIFT_ACTIVE_COMPILATION_CONDITIONS = DEBUG;
				SWIFT_OPTIMIZATION_LEVEL = "-Onone";
			};
			name = Debug;
		};
		4CC94291295C0259006725E9 /* Release */ = {
			isa = XCBuildConfiguration;
			buildSettings = {
				ALWAYS_SEARCH_USER_PATHS = NO;
				CLANG_ANALYZER_NONNULL = YES;
				CLANG_ANALYZER_NUMBER_OBJECT_CONVERSION = YES_AGGRESSIVE;
				CLANG_CXX_LANGUAGE_STANDARD = "gnu++20";
				CLANG_ENABLE_MODULES = YES;
				CLANG_ENABLE_OBJC_ARC = YES;
				CLANG_ENABLE_OBJC_WEAK = YES;
				CLANG_WARN_BLOCK_CAPTURE_AUTORELEASING = YES;
				CLANG_WARN_BOOL_CONVERSION = YES;
				CLANG_WARN_COMMA = YES;
				CLANG_WARN_CONSTANT_CONVERSION = YES;
				CLANG_WARN_DEPRECATED_OBJC_IMPLEMENTATIONS = YES;
				CLANG_WARN_DIRECT_OBJC_ISA_USAGE = YES_ERROR;
				CLANG_WARN_DOCUMENTATION_COMMENTS = YES;
				CLANG_WARN_EMPTY_BODY = YES;
				CLANG_WARN_ENUM_CONVERSION = YES;
				CLANG_WARN_INFINITE_RECURSION = YES;
				CLANG_WARN_INT_CONVERSION = YES;
				CLANG_WARN_NON_LITERAL_NULL_CONVERSION = YES;
				CLANG_WARN_OBJC_IMPLICIT_RETAIN_SELF = YES;
				CLANG_WARN_OBJC_LITERAL_CONVERSION = YES;
				CLANG_WARN_OBJC_ROOT_CLASS = YES_ERROR;
				CLANG_WARN_QUOTED_INCLUDE_IN_FRAMEWORK_HEADER = YES;
				CLANG_WARN_RANGE_LOOP_ANALYSIS = YES;
				CLANG_WARN_STRICT_PROTOTYPES = YES;
				CLANG_WARN_SUSPICIOUS_MOVE = YES;
				CLANG_WARN_UNGUARDED_AVAILABILITY = YES_AGGRESSIVE;
				CLANG_WARN_UNREACHABLE_CODE = YES;
				CLANG_WARN__DUPLICATE_METHOD_MATCH = YES;
				COPY_PHASE_STRIP = NO;
				DEBUG_INFORMATION_FORMAT = "dwarf-with-dsym";
				ENABLE_NS_ASSERTIONS = NO;
				ENABLE_STRICT_OBJC_MSGSEND = YES;
				GCC_C_LANGUAGE_STANDARD = gnu11;
				GCC_NO_COMMON_BLOCKS = YES;
				GCC_WARN_64_TO_32_BIT_CONVERSION = YES;
				GCC_WARN_ABOUT_RETURN_TYPE = YES_ERROR;
				GCC_WARN_UNDECLARED_SELECTOR = YES;
				GCC_WARN_UNINITIALIZED_AUTOS = YES_AGGRESSIVE;
				GCC_WARN_UNUSED_FUNCTION = YES;
				GCC_WARN_UNUSED_VARIABLE = YES;
				IPHONEOS_DEPLOYMENT_TARGET = 16.0;
				MTL_ENABLE_DEBUG_INFO = NO;
				MTL_FAST_MATH = YES;
				SDKROOT = iphoneos;
				SWIFT_COMPILATION_MODE = wholemodule;
				SWIFT_OPTIMIZATION_LEVEL = "-O";
				VALIDATE_PRODUCT = YES;
			};
			name = Release;
		};
		4CC94293295C0259006725E9 /* Debug */ = {
			isa = XCBuildConfiguration;
			buildSettings = {
				ASSETCATALOG_COMPILER_APPICON_NAME = AppIcon;
				ASSETCATALOG_COMPILER_GLOBAL_ACCENT_COLOR_NAME = AccentColor;
				CODE_SIGN_STYLE = Automatic;
				CURRENT_PROJECT_VERSION = 1;
				DEVELOPMENT_ASSET_PATHS = "\"UD Unggas Sari Utama/Preview Content\"";
				DEVELOPMENT_TEAM = X4CVA5NU9W;
				ENABLE_PREVIEWS = YES;
				GENERATE_INFOPLIST_FILE = YES;
				INFOPLIST_KEY_UIApplicationSceneManifest_Generation = YES;
				INFOPLIST_KEY_UIApplicationSupportsIndirectInputEvents = YES;
				INFOPLIST_KEY_UILaunchScreen_Generation = YES;
				INFOPLIST_KEY_UISupportedInterfaceOrientations = "UIInterfaceOrientationLandscapeLeft UIInterfaceOrientationLandscapeRight UIInterfaceOrientationPortrait";
				INFOPLIST_KEY_UISupportedInterfaceOrientations_iPad = "UIInterfaceOrientationLandscapeLeft UIInterfaceOrientationLandscapeRight";
				LD_RUNPATH_SEARCH_PATHS = (
					"$(inherited)",
					"@executable_path/Frameworks",
				);
				MARKETING_VERSION = 1.0;
				PRODUCT_BUNDLE_IDENTIFIER = "com.role.UD-Unggas-Sari-Utama";
				PRODUCT_NAME = "$(TARGET_NAME)";
				SUPPORTED_PLATFORMS = "iphoneos iphonesimulator";
				SUPPORTS_MACCATALYST = NO;
				SUPPORTS_MAC_DESIGNED_FOR_IPHONE_IPAD = NO;
				SWIFT_EMIT_LOC_STRINGS = YES;
				SWIFT_VERSION = 5.0;
				TARGETED_DEVICE_FAMILY = 2;
			};
			name = Debug;
		};
		4CC94294295C0259006725E9 /* Release */ = {
			isa = XCBuildConfiguration;
			buildSettings = {
				ASSETCATALOG_COMPILER_APPICON_NAME = AppIcon;
				ASSETCATALOG_COMPILER_GLOBAL_ACCENT_COLOR_NAME = AccentColor;
				CODE_SIGN_STYLE = Automatic;
				CURRENT_PROJECT_VERSION = 1;
				DEVELOPMENT_ASSET_PATHS = "\"UD Unggas Sari Utama/Preview Content\"";
				DEVELOPMENT_TEAM = X4CVA5NU9W;
				ENABLE_PREVIEWS = YES;
				GENERATE_INFOPLIST_FILE = YES;
				INFOPLIST_KEY_UIApplicationSceneManifest_Generation = YES;
				INFOPLIST_KEY_UIApplicationSupportsIndirectInputEvents = YES;
				INFOPLIST_KEY_UILaunchScreen_Generation = YES;
				INFOPLIST_KEY_UISupportedInterfaceOrientations = "UIInterfaceOrientationLandscapeLeft UIInterfaceOrientationLandscapeRight UIInterfaceOrientationPortrait";
				INFOPLIST_KEY_UISupportedInterfaceOrientations_iPad = "UIInterfaceOrientationLandscapeLeft UIInterfaceOrientationLandscapeRight";
				LD_RUNPATH_SEARCH_PATHS = (
					"$(inherited)",
					"@executable_path/Frameworks",
				);
				MARKETING_VERSION = 1.0;
				PRODUCT_BUNDLE_IDENTIFIER = "com.role.UD-Unggas-Sari-Utama";
				PRODUCT_NAME = "$(TARGET_NAME)";
				SUPPORTED_PLATFORMS = "iphoneos iphonesimulator";
				SUPPORTS_MACCATALYST = NO;
				SUPPORTS_MAC_DESIGNED_FOR_IPHONE_IPAD = NO;
				SWIFT_EMIT_LOC_STRINGS = YES;
				SWIFT_VERSION = 5.0;
				TARGETED_DEVICE_FAMILY = 2;
			};
			name = Release;
		};
/* End XCBuildConfiguration section */

/* Begin XCConfigurationList section */
		4CC94279295C0257006725E9 /* Build configuration list for PBXProject "UD Unggas Sari Utama" */ = {
			isa = XCConfigurationList;
			buildConfigurations = (
				4CC94290295C0259006725E9 /* Debug */,
				4CC94291295C0259006725E9 /* Release */,
			);
			defaultConfigurationIsVisible = 0;
			defaultConfigurationName = Release;
		};
		4CC94292295C0259006725E9 /* Build configuration list for PBXNativeTarget "UD Unggas Sari Utama" */ = {
			isa = XCConfigurationList;
			buildConfigurations = (
				4CC94293295C0259006725E9 /* Debug */,
				4CC94294295C0259006725E9 /* Release */,
			);
			defaultConfigurationIsVisible = 0;
			defaultConfigurationName = Release;
		};
/* End XCConfigurationList section */

/* Begin XCVersionGroup section */
		4CC9428C295C0259006725E9 /* UD_Unggas_Sari_Utama.xcdatamodeld */ = {
			isa = XCVersionGroup;
			children = (
				4CC9428D295C0259006725E9 /* UD_Unggas_Sari_Utama.xcdatamodel */,
			);
			currentVersion = 4CC9428D295C0259006725E9 /* UD_Unggas_Sari_Utama.xcdatamodel */;
			path = UD_Unggas_Sari_Utama.xcdatamodeld;
			sourceTree = "<group>";
			versionGroupType = wrapper.xcdatamodel;
		};
/* End XCVersionGroup section */
	};
	rootObject = 4CC94276295C0257006725E9 /* Project object */;
}
